
Microsoft Visual Studio Solution File, Format Version 12.00
# Visual Studio Version 17
VisualStudioVersion = 17.2.32422.2
MinimumVisualStudioVersion = 10.0.40219.1
Project("{9A19103F-16F7-4668-BE54-9A1E7A4F7556}") = "OberonParser", "OberonParser\OberonParser.csproj", "{312412AD-80CF-4F86-9B33-13A0614D8EFF}"
EndProject
Project("{9A19103F-16F7-4668-BE54-9A1E7A4F7556}") = "CPParser", "CPParser\CPParser.csproj", "{B0FFED75-2372-44E1-84A8-0C31B4233564}"
EndProject
Project("{2150E333-8FDC-42A3-9474-1A3956D46DE8}") = "Docs", "Docs", "{249EFF22-04FB-414C-A746-BE170ED867CC}"
	ProjectSection(SolutionItems) = preProject
		coco\Ast.ATG = coco\Ast.ATG
		coco\Oberon2.ATG = coco\Oberon2.ATG
	EndProjectSection
EndProject
Project("{FAE04EC0-301F-11D3-BF4B-00C04F79EFBC}") = "CParser", "CParser\CParser.csproj", "{05F31B4E-F970-46A8-B3D2-58B4521087FF}"
EndProject
Project("{FAE04EC0-301F-11D3-BF4B-00C04F79EFBC}") = "Common", "Common\Common.csproj", "{3772CA79-574F-4ADC-90D7-B7E5E0CC852A}"
EndProject
Global
	GlobalSection(SolutionConfigurationPlatforms) = preSolution
		Debug|Any CPU = Debug|Any CPU
		Release|Any CPU = Release|Any CPU
	EndGlobalSection
	GlobalSection(ProjectConfigurationPlatforms) = postSolution
		{312412AD-80CF-4F86-9B33-13A0614D8EFF}.Debug|Any CPU.ActiveCfg = Debug|Any CPU
		{312412AD-80CF-4F86-9B33-13A0614D8EFF}.Debug|Any CPU.Build.0 = Debug|Any CPU
		{312412AD-80CF-4F86-9B33-13A0614D8EFF}.Release|Any CPU.ActiveCfg = Release|Any CPU
		{312412AD-80CF-4F86-9B33-13A0614D8EFF}.Release|Any CPU.Build.0 = Release|Any CPU
		{B0FFED75-2372-44E1-84A8-0C31B4233564}.Debug|Any CPU.ActiveCfg = Debug|Any CPU
		{B0FFED75-2372-44E1-84A8-0C31B4233564}.Debug|Any CPU.Build.0 = Debug|Any CPU
		{B0FFED75-2372-44E1-84A8-0C31B4233564}.Release|Any CPU.ActiveCfg = Release|Any CPU
		{B0FFED75-2372-44E1-84A8-0C31B4233564}.Release|Any CPU.Build.0 = Release|Any CPU
		{05F31B4E-F970-46A8-B3D2-58B4521087FF}.Debug|Any CPU.ActiveCfg = Debug|Any CPU
		{05F31B4E-F970-46A8-B3D2-58B4521087FF}.Debug|Any CPU.Build.0 = Debug|Any CPU
		{05F31B4E-F970-46A8-B3D2-58B4521087FF}.Release|Any CPU.ActiveCfg = Release|Any CPU
		{05F31B4E-F970-46A8-B3D2-58B4521087FF}.Release|Any CPU.Build.0 = Release|Any CPU
		{3772CA79-574F-4ADC-90D7-B7E5E0CC852A}.Debug|Any CPU.ActiveCfg = Debug|Any CPU
		{3772CA79-574F-4ADC-90D7-B7E5E0CC852A}.Debug|Any CPU.Build.0 = Debug|Any CPU
		{3772CA79-574F-4ADC-90D7-B7E5E0CC852A}.Release|Any CPU.ActiveCfg = Release|Any CPU
		{3772CA79-574F-4ADC-90D7-B7E5E0CC852A}.Release|Any CPU.Build.0 = Release|Any CPU
	EndGlobalSection
	GlobalSection(SolutionProperties) = preSolution
		HideSolutionNode = FALSE
	EndGlobalSection
	GlobalSection(ExtensibilityGlobals) = postSolution
		SolutionGuid = {4AF73686-274A-408D-A0C9-70D2EBEC4D74}
	EndGlobalSection
EndGlobal
